PODS:
  - XVIEWVideoManager (0.1.2)

DEPENDENCIES:
  - XVIEWVideoManager (from `../`)

EXTERNAL SOURCES:
  XVIEWVideoManager:
    :path: "../"

SPEC CHECKSUMS:
  XVIEWVideoManager: 10c529d40ee388856a3020e16456e4c89983d93c

PODFILE CHECKSUM: 928adad529f3ba0b080a04ffef8a9f403f32b364

COCOAPODS: 1.5.3
