PODS:
  - XVIEWVideoManager (0.1.1)

DEPENDENCIES:
  - XVIEWVideoManager (from `../`)

EXTERNAL SOURCES:
  XVIEWVideoManager:
    :path: "../"

SPEC CHECKSUMS:
  XVIEWVideoManager: 25de86f8c7063f4b4dc5e617fe68a578c4aa51f7

PODFILE CHECKSUM: 928adad529f3ba0b080a04ffef8a9f403f32b364

COCOAPODS: 1.5.3
